
Microsoft Visual Studio Solution File, Format Version 12.00
# Visual Studio Version 16
VisualStudioVersion = 16.0.31402.337
MinimumVisualStudioVersion = 10.0.40219.1
Project("{FAE04EC0-301F-11D3-BF4B-00C04F79EFBC}") = "ProjectOne", "ProjectOne.csproj", "{B19CA62A-A870-457C-AD98-A6B1A3B4633A}"
EndProject
Global
	GlobalSection(SolutionConfigurationPlatforms) = preSolution
		Debug|Any CPU = Debug|Any CPU
		Release|Any CPU = Release|Any CPU
	EndGlobalSection
	GlobalSection(ProjectConfigurationPlatforms) = postSolution
		{B19CA62A-A870-457C-AD98-A6B1A3B4633A}.Debug|Any CPU.ActiveCfg = Debug|Any CPU
		{B19CA62A-A870-457C-AD98-A6B1A3B4633A}.Debug|Any CPU.Build.0 = Debug|Any CPU
		{B19CA62A-A870-457C-AD98-A6B1A3B4633A}.Release|Any CPU.ActiveCfg = Release|Any CPU
		{B19CA62A-A870-457C-AD98-A6B1A3B4633A}.Release|Any CPU.Build.0 = Release|Any CPU
	EndGlobalSection
	GlobalSection(SolutionProperties) = preSolution
		HideSolutionNode = FALSE
	EndGlobalSection
	GlobalSection(ExtensibilityGlobals) = postSolution
		SolutionGuid = {D2C2624F-2EB8-4ECC-A1F1-CCD92F941A4E}
	EndGlobalSection
EndGlobal
